
Microsoft Visual Studio Solution File, Format Version 12.00
Project("{FAE04EC0-301F-11D3-BF4B-00C04F79EFBC}") = "Otocolobus.Api", "Otocolobus.Api\Otocolobus.Api.csproj", "{EE7B490E-8B10-477C-B3E9-DCFE1F6899FA}"
EndProject
Project("{2150E333-8FDC-42A3-9474-1A3956D46DE8}") = "Docker", "Docker", "{26A80737-B20B-4CD9-A055-76BF5EEA4E9E}"
	ProjectSection(SolutionItems) = preProject
		Docker\docker-compose.yml = Docker\docker-compose.yml
	EndProjectSection
EndProject
Project("{2150E333-8FDC-42A3-9474-1A3956D46DE8}") = "Nginx", "Nginx", "{6034EC29-BB01-470A-8824-A595871FCD72}"
	ProjectSection(SolutionItems) = preProject
		Docker\Nginx\Dockerfile = Docker\Nginx\Dockerfile
		Docker\Nginx\nginx.conf = Docker\Nginx\nginx.conf
	EndProjectSection
EndProject
Global
	GlobalSection(SolutionConfigurationPlatforms) = preSolution
		Debug|Any CPU = Debug|Any CPU
		Release|Any CPU = Release|Any CPU
	EndGlobalSection
	GlobalSection(ProjectConfigurationPlatforms) = postSolution
		{EE7B490E-8B10-477C-B3E9-DCFE1F6899FA}.Debug|Any CPU.ActiveCfg = Debug|Any CPU
		{EE7B490E-8B10-477C-B3E9-DCFE1F6899FA}.Debug|Any CPU.Build.0 = Debug|Any CPU
		{EE7B490E-8B10-477C-B3E9-DCFE1F6899FA}.Release|Any CPU.ActiveCfg = Release|Any CPU
		{EE7B490E-8B10-477C-B3E9-DCFE1F6899FA}.Release|Any CPU.Build.0 = Release|Any CPU
	EndGlobalSection
	GlobalSection(NestedProjects) = preSolution
		{6034EC29-BB01-470A-8824-A595871FCD72} = {26A80737-B20B-4CD9-A055-76BF5EEA4E9E}
	EndGlobalSection
EndGlobal
